version = 1
revision = 2
requires-python = ">=3.13"

[[package]]
name = "colorama"
version = "0.4.6"
source = { registry = "https://pypi.org/simple" }
sdist = { url = "https://files.pythonhosted.org/packages/d8/53/6f443c9a4a8358a93a6792e2acffb9d9d5cb0a5cfd8802644b7b1c9a02e4/colorama-0.4.6.tar.gz", hash = "sha256:08695f5cb7ed6e0531a20572697297273c47b8cae5a63ffc6d6ed5c201be6e44", size = 27697, upload-time = "2022-10-25T02:36:22.414Z" }
wheels = [
    { url = "https://files.pythonhosted.org/packages/d1/d6/3965ed04c63042e047cb6a3e6ed1a63a35087b6a609aa3a15ed8ac56c221/colorama-0.4.6-py2.py3-none-any.whl", hash = "sha256:4f1d9991f5acc0ca119f9d443620b77f9d6b33703e51011c16baf57afb285fc6", size = 25335, upload-time = "2022-10-25T02:36:20.889Z" },
]

[[package]]
name = "warabi"
version = "0.1.0"
source = { editable = "." }
dependencies = [
    { name = "janome" },
    { name = "sudachidict-core" },
    { name = "sudachipy" },
    { name = "tinydb" },
    { name = "vibrato" },
]

[package.dev-dependencies]
dev = [
    { name = "pytest" },
    { name = "ruff" },
    { name = "ty" },
]

[package.metadata]
requires-dist = [
    { name = "janome", specifier = ">=0.5.0" },
    { name = "sudachidict-core", specifier = ">=20250515" },
    { name = "sudachipy", specifier = ">=0.6.10" },
    { name = "tinydb", specifier = ">=4.8.2" },
    { name = "vibrato", specifier = ">=0.2.0" },
]

[package.metadata.requires-dev]
dev = [
    { name = "pytest", specifier = ">=8.4.1" },
    { name = "ruff", specifier = ">=0.12.3" },
    { name = "ty", specifier = ">=0.0.1a14" },
]

[[package]]
name = "iniconfig"
version = "2.1.0"
source = { registry = "https://pypi.org/simple" }
sdist = { url = "https://files.pythonhosted.org/packages/f2/97/ebf4da567aa6827c909642694d71c9fcf53e5b504f2d96afea02718862f3/iniconfig-2.1.0.tar.gz", hash = "sha256:3abbd2e30b36733fee78f9c7f7308f2d0050e88f0087fd25c2645f63c773e1c7", size = 4793, upload-time = "2025-03-19T20:09:59.721Z" }
wheels = [
    { url = "https://files.pythonhosted.org/packages/2c/e1/e6716421ea10d38022b952c159d5161ca1193197fb744506875fbb87ea7b/iniconfig-2.1.0-py3-none-any.whl", hash = "sha256:9deba5723312380e77435581c6bf4935c94cbfab9b1ed33ef8d238ea168eb760", size = 6050, upload-time = "2025-03-19T20:10:01.071Z" },
]

[[package]]
name = "janome"
version = "0.5.0"
source = { registry = "https://pypi.org/simple" }
sdist = { url = "https://files.pythonhosted.org/packages/08/4e/dc2b1a89a4ffafbf9bf49c8e11f69e28ba8b3ef81d11afe6e9f96caee6cc/Janome-0.5.0.tar.gz", hash = "sha256:ce4a3ed7a4635c2f80139639327d5b1e0381858ad74a3c4a61e8cc83f820400e", size = 18829020, upload-time = "2023-07-01T10:53:09.161Z" }
wheels = [
    { url = "https://files.pythonhosted.org/packages/73/7d/70f4069f4bbf0fca023e82a1fbbade6f5216365d4fe259fee1950723eca5/Janome-0.5.0-py2.py3-none-any.whl", hash = "sha256:d098670394a77881ce2f6b7d696c0ea5ff74c0c8cf74a8a882159ec82c0e6dc7", size = 19654103, upload-time = "2023-07-01T10:52:58.572Z" },
]

[[package]]
name = "packaging"
version = "25.0"
source = { registry = "https://pypi.org/simple" }
sdist = { url = "https://files.pythonhosted.org/packages/a1/d4/1fc4078c65507b51b96ca8f8c3ba19e6a61c8253c72794544580a7b6c24d/packaging-25.0.tar.gz", hash = "sha256:d443872c98d677bf60f6a1f2f8c1cb748e8fe762d2bf9d3148b5599295b0fc4f", size = 165727, upload-time = "2025-04-19T11:48:59.673Z" }
wheels = [
    { url = "https://files.pythonhosted.org/packages/20/12/38679034af332785aac8774540895e234f4d07f7545804097de4b666afd8/packaging-25.0-py3-none-any.whl", hash = "sha256:29572ef2b1f17581046b3a2227d5c611fb25ec70ca1ba8554b24b0e69331a484", size = 66469, upload-time = "2025-04-19T11:48:57.875Z" },
]

[[package]]
name = "pluggy"
version = "1.6.0"
source = { registry = "https://pypi.org/simple" }
sdist = { url = "https://files.pythonhosted.org/packages/f9/e2/3e91f31a7d2b083fe6ef3fa267035b518369d9511ffab804f839851d2779/pluggy-1.6.0.tar.gz", hash = "sha256:7dcc130b76258d33b90f61b658791dede3486c3e6bfb003ee5c9bfb396dd22f3", size = 69412, upload-time = "2025-05-15T12:30:07.975Z" }
wheels = [
    { url = "https://files.pythonhosted.org/packages/54/20/4d324d65cc6d9205fabedc306948156824eb9f0ee1633355a8f7ec5c66bf/pluggy-1.6.0-py3-none-any.whl", hash = "sha256:e920276dd6813095e9377c0bc5566d94c932c33b27a3e3945d8389c374dd4746", size = 20538, upload-time = "2025-05-15T12:30:06.134Z" },
]

[[package]]
name = "pygments"
version = "2.19.2"
source = { registry = "https://pypi.org/simple" }
sdist = { url = "https://files.pythonhosted.org/packages/b0/77/a5b8c569bf593b0140bde72ea885a803b82086995367bf2037de0159d924/pygments-2.19.2.tar.gz", hash = "sha256:636cb2477cec7f8952536970bc533bc43743542f70392ae026374600add5b887", size = 4968631, upload-time = "2025-06-21T13:39:12.283Z" }
wheels = [
    { url = "https://files.pythonhosted.org/packages/c7/21/705964c7812476f378728bdf590ca4b771ec72385c533964653c68e86bdc/pygments-2.19.2-py3-none-any.whl", hash = "sha256:86540386c03d588bb81d44bc3928634ff26449851e99741617ecb9037ee5ec0b", size = 1225217, upload-time = "2025-06-21T13:39:07.939Z" },
]

[[package]]
name = "pytest"
version = "8.4.1"
source = { registry = "https://pypi.org/simple" }
dependencies = [
    { name = "colorama", marker = "sys_platform == 'win32'" },
    { name = "iniconfig" },
    { name = "packaging" },
    { name = "pluggy" },
    { name = "pygments" },
]
sdist = { url = "https://files.pythonhosted.org/packages/08/ba/45911d754e8eba3d5a841a5ce61a65a685ff1798421ac054f85aa8747dfb/pytest-8.4.1.tar.gz", hash = "sha256:7c67fd69174877359ed9371ec3af8a3d2b04741818c51e5e99cc1742251fa93c", size = 1517714, upload-time = "2025-06-18T05:48:06.109Z" }
wheels = [
    { url = "https://files.pythonhosted.org/packages/29/16/c8a903f4c4dffe7a12843191437d7cd8e32751d5de349d45d3fe69544e87/pytest-8.4.1-py3-none-any.whl", hash = "sha256:539c70ba6fcead8e78eebbf1115e8b589e7565830d7d006a8723f19ac8a0afb7", size = 365474, upload-time = "2025-06-18T05:48:03.955Z" },
]

[[package]]
name = "ruff"
version = "0.12.3"
source = { registry = "https://pypi.org/simple" }
sdist = { url = "https://files.pythonhosted.org/packages/c3/2a/43955b530c49684d3c38fcda18c43caf91e99204c2a065552528e0552d4f/ruff-0.12.3.tar.gz", hash = "sha256:f1b5a4b6668fd7b7ea3697d8d98857390b40c1320a63a178eee6be0899ea2d77", size = 4459341, upload-time = "2025-07-11T13:21:16.086Z" }
wheels = [
    { url = "https://files.pythonhosted.org/packages/e2/fd/b44c5115539de0d598d75232a1cc7201430b6891808df111b8b0506aae43/ruff-0.12.3-py3-none-linux_armv6l.whl", hash = "sha256:47552138f7206454eaf0c4fe827e546e9ddac62c2a3d2585ca54d29a890137a2", size = 10430499, upload-time = "2025-07-11T13:20:26.321Z" },
    { url = "https://files.pythonhosted.org/packages/43/c5/9eba4f337970d7f639a37077be067e4ec80a2ad359e4cc6c5b56805cbc66/ruff-0.12.3-py3-none-macosx_10_12_x86_64.whl", hash = "sha256:0a9153b000c6fe169bb307f5bd1b691221c4286c133407b8827c406a55282041", size = 11213413, upload-time = "2025-07-11T13:20:30.017Z" },
    { url = "https://files.pythonhosted.org/packages/e2/2c/fac3016236cf1fe0bdc8e5de4f24c76ce53c6dd9b5f350d902549b7719b2/ruff-0.12.3-py3-none-macosx_11_0_arm64.whl", hash = "sha256:fa6b24600cf3b750e48ddb6057e901dd5b9aa426e316addb2a1af185a7509882", size = 10586941, upload-time = "2025-07-11T13:20:33.046Z" },
    { url = "https://files.pythonhosted.org/packages/c5/0f/41fec224e9dfa49a139f0b402ad6f5d53696ba1800e0f77b279d55210ca9/ruff-0.12.3-py3-none-manylinux_2_17_aarch64.manylinux2014_aarch64.whl", hash = "sha256:e2506961bf6ead54887ba3562604d69cb430f59b42133d36976421bc8bd45901", size = 10783001, upload-time = "2025-07-11T13:20:35.534Z" },
    { url = "https://files.pythonhosted.org/packages/0d/ca/dd64a9ce56d9ed6cad109606ac014860b1c217c883e93bf61536400ba107/ruff-0.12.3-py3-none-manylinux_2_17_armv7l.manylinux2014_armv7l.whl", hash = "sha256:c4faaff1f90cea9d3033cbbcdf1acf5d7fb11d8180758feb31337391691f3df0", size = 10269641, upload-time = "2025-07-11T13:20:38.459Z" },
    { url = "https://files.pythonhosted.org/packages/63/5c/2be545034c6bd5ce5bb740ced3e7014d7916f4c445974be11d2a406d5088/ruff-0.12.3-py3-none-manylinux_2_17_i686.manylinux2014_i686.whl", hash = "sha256:40dced4a79d7c264389de1c59467d5d5cefd79e7e06d1dfa2c75497b5269a5a6", size = 11875059, upload-time = "2025-07-11T13:20:41.517Z" },
    { url = "https://files.pythonhosted.org/packages/8e/d4/a74ef1e801ceb5855e9527dae105eaff136afcb9cc4d2056d44feb0e4792/ruff-0.12.3-py3-none-manylinux_2_17_ppc64.manylinux2014_ppc64.whl", hash = "sha256:0262d50ba2767ed0fe212aa7e62112a1dcbfd46b858c5bf7bbd11f326998bafc", size = 12658890, upload-time = "2025-07-11T13:20:44.442Z" },
    { url = "https://files.pythonhosted.org/packages/13/c8/1057916416de02e6d7c9bcd550868a49b72df94e3cca0aeb77457dcd9644/ruff-0.12.3-py3-none-manylinux_2_17_ppc64le.manylinux2014_ppc64le.whl", hash = "sha256:12371aec33e1a3758597c5c631bae9a5286f3c963bdfb4d17acdd2d395406687", size = 12232008, upload-time = "2025-07-11T13:20:47.374Z" },
    { url = "https://files.pythonhosted.org/packages/f5/59/4f7c130cc25220392051fadfe15f63ed70001487eca21d1796db46cbcc04/ruff-0.12.3-py3-none-manylinux_2_17_s390x.manylinux2014_s390x.whl", hash = "sha256:560f13b6baa49785665276c963edc363f8ad4b4fc910a883e2625bdb14a83a9e", size = 11499096, upload-time = "2025-07-11T13:20:50.348Z" },
    { url = "https://files.pythonhosted.org/packages/d4/01/a0ad24a5d2ed6be03a312e30d32d4e3904bfdbc1cdbe63c47be9d0e82c79/ruff-0.12.3-py3-none-manylinux_2_17_x86_64.manylinux2014_x86_64.whl", hash = "sha256:023040a3499f6f974ae9091bcdd0385dd9e9eb4942f231c23c57708147b06311", size = 11688307, upload-time = "2025-07-11T13:20:52.945Z" },
    { url = "https://files.pythonhosted.org/packages/93/72/08f9e826085b1f57c9a0226e48acb27643ff19b61516a34c6cab9d6ff3fa/ruff-0.12.3-py3-none-musllinux_1_2_aarch64.whl", hash = "sha256:883d844967bffff5ab28bba1a4d246c1a1b2933f48cb9840f3fdc5111c603b07", size = 10661020, upload-time = "2025-07-11T13:20:55.799Z" },
    { url = "https://files.pythonhosted.org/packages/80/a0/68da1250d12893466c78e54b4a0ff381370a33d848804bb51279367fc688/ruff-0.12.3-py3-none-musllinux_1_2_armv7l.whl", hash = "sha256:2120d3aa855ff385e0e562fdee14d564c9675edbe41625c87eeab744a7830d12", size = 10246300, upload-time = "2025-07-11T13:20:58.222Z" },
    { url = "https://files.pythonhosted.org/packages/6a/22/5f0093d556403e04b6fd0984fc0fb32fbb6f6ce116828fd54306a946f444/ruff-0.12.3-py3-none-musllinux_1_2_i686.whl", hash = "sha256:6b16647cbb470eaf4750d27dddc6ebf7758b918887b56d39e9c22cce2049082b", size = 11263119, upload-time = "2025-07-11T13:21:01.503Z" },
    { url = "https://files.pythonhosted.org/packages/92/c9/f4c0b69bdaffb9968ba40dd5fa7df354ae0c73d01f988601d8fac0c639b1/ruff-0.12.3-py3-none-musllinux_1_2_x86_64.whl", hash = "sha256:e1417051edb436230023575b149e8ff843a324557fe0a265863b7602df86722f", size = 11746990, upload-time = "2025-07-11T13:21:04.524Z" },
    { url = "https://files.pythonhosted.org/packages/fe/84/7cc7bd73924ee6be4724be0db5414a4a2ed82d06b30827342315a1be9e9c/ruff-0.12.3-py3-none-win32.whl", hash = "sha256:dfd45e6e926deb6409d0616078a666ebce93e55e07f0fb0228d4b2608b2c248d", size = 10589263, upload-time = "2025-07-11T13:21:07.148Z" },
    { url = "https://files.pythonhosted.org/packages/07/87/c070f5f027bd81f3efee7d14cb4d84067ecf67a3a8efb43aadfc72aa79a6/ruff-0.12.3-py3-none-win_amd64.whl", hash = "sha256:a946cf1e7ba3209bdef039eb97647f1c77f6f540e5845ec9c114d3af8df873e7", size = 11695072, upload-time = "2025-07-11T13:21:11.004Z" },
    { url = "https://files.pythonhosted.org/packages/e0/30/f3eaf6563c637b6e66238ed6535f6775480db973c836336e4122161986fc/ruff-0.12.3-py3-none-win_arm64.whl", hash = "sha256:5f9c7c9c8f84c2d7f27e93674d27136fbf489720251544c4da7fb3d742e011b1", size = 10805855, upload-time = "2025-07-11T13:21:13.547Z" },
]

[[package]]
name = "sudachidict-core"
version = "20250515"
source = { registry = "https://pypi.org/simple" }
dependencies = [
    { name = "sudachipy" },
]
sdist = { url = "https://files.pythonhosted.org/packages/f7/84/647417933bff5de7d6fd9fd11a2d9005e68868b9ef6dd8c7ff32e7fcfc79/sudachidict_core-20250515.tar.gz", hash = "sha256:63be5499104f5cb5464c819739d9901bd886cb3c4b6ab59ae3f39e97a23f5603", size = 9050, upload-time = "2025-05-19T05:22:21.477Z" }
wheels = [
    { url = "https://files.pythonhosted.org/packages/39/df/83d0cf0d94e812519c8b556b6ad0b430d074e163eb917e161f90cce2d716/sudachidict_core-20250515-py3-none-any.whl", hash = "sha256:bcf0056eecfa360a92cea1251a04eeb19a5d16938559ecf52b67d4fbfa1c249f", size = 72127576, upload-time = "2025-05-19T05:23:51.081Z" },
]

[[package]]
name = "sudachipy"
version = "0.6.10"
source = { registry = "https://pypi.org/simple" }
sdist = { url = "https://files.pythonhosted.org/packages/86/eb/ceadfb1e9178332839a75b91393765b135ab870fad9230d47c201c931607/sudachipy-0.6.10.tar.gz", hash = "sha256:b8910a4610de98b2c3cb6dc3362fea93e3ba5059f1eb445a68baa9585278f31b", size = 71518686, upload-time = "2025-01-10T07:15:22.811Z" }
wheels = [
    { url = "https://files.pythonhosted.org/packages/f1/20/c58e1dde2b5413c68cc570f96e31c2ed1bc0b7b19b4eb67533dfaadbd94c/SudachiPy-0.6.10-cp313-cp313-macosx_10_13_universal2.whl", hash = "sha256:cc97b5d48f46f9989d97e105f7dd6419da2174888fcc42e55c0e4cd46597ed3b", size = 3040385, upload-time = "2025-01-10T07:14:58.575Z" },
    { url = "https://files.pythonhosted.org/packages/58/f4/3451dbe8fa54a7b23285512db018c622e10d649a94f134f9fc92292eb4a4/SudachiPy-0.6.10-cp313-cp313-manylinux_2_17_x86_64.manylinux2014_x86_64.whl", hash = "sha256:9794b73fffd8099d93e07882ba87eee5edbed0e4f1b94761db8f22c8e5da9904", size = 1730957, upload-time = "2025-01-10T07:15:01.296Z" },
    { url = "https://files.pythonhosted.org/packages/47/d3/e3cbab0b5d84df3c9d46e18fa07b84e2ab0b317daafb2bcd01610895106d/SudachiPy-0.6.10-cp313-cp313-win_amd64.whl", hash = "sha256:0fc5b60920a439c534688237e2651e15e4eaadc166a63182d6e24ac7ef3e4779", size = 1378958, upload-time = "2025-01-10T07:15:03.877Z" },
    { url = "https://files.pythonhosted.org/packages/9b/da/279d12cab13f2affa9edd0ad4d5631573f4de07a020ad89a4ad0195f1d7c/SudachiPy-0.6.10-cp313-cp313t-macosx_10_13_universal2.whl", hash = "sha256:7455e5cbb4c2cf9294c82345c9d46b344774b4eb23eca917f305ed716d8d5168", size = 3033253, upload-time = "2025-01-10T07:15:06.674Z" },
    { url = "https://files.pythonhosted.org/packages/66/ed/36eabf79eb81c38d477b77a5ab8fd62c8a4814a82c845f079f0c3b78ff18/SudachiPy-0.6.10-cp313-cp313t-manylinux_2_17_x86_64.manylinux2014_x86_64.whl", hash = "sha256:38d0de9e840ac8d199e714a40506792ea5237d0db0c966da16d51fbc74a508d6", size = 1730534, upload-time = "2025-01-10T07:15:09.348Z" },
]

[[package]]
name = "tinydb"
version = "4.8.2"
source = { registry = "https://pypi.org/simple" }
sdist = { url = "https://files.pythonhosted.org/packages/a0/79/4af51e2bb214b6ea58f857c51183d92beba85b23f7ba61c983ab3de56c33/tinydb-4.8.2.tar.gz", hash = "sha256:f7dfc39b8d7fda7a1ca62a8dbb449ffd340a117c1206b68c50b1a481fb95181d", size = 32566, upload-time = "2024-10-12T15:24:01.13Z" }
wheels = [
    { url = "https://files.pythonhosted.org/packages/78/17/853354204e1ca022d6b7d011ca7f3206c4f8faa3cc743e92609b49c1d83f/tinydb-4.8.2-py3-none-any.whl", hash = "sha256:f97030ee5cbc91eeadd1d7af07ab0e48ceb04aa63d4a983adbaca4cba16e86c3", size = 24888, upload-time = "2024-10-12T15:23:59.833Z" },
]

[[package]]
name = "ty"
version = "0.0.1a14"
source = { registry = "https://pypi.org/simple" }
sdist = { url = "https://files.pythonhosted.org/packages/b3/c2/743ef78f8ddcdd8a8e074b6ad6eb01fa5d8c110f5e25e0142087b175b212/ty-0.0.1a14.tar.gz", hash = "sha256:a9ecac10c63a7c193c78ef1a01956c7c579e4d8498d3ec77543fe31a5a9e3912", size = 3176178, upload-time = "2025-07-08T11:57:34.171Z" }
wheels = [
    { url = "https://files.pythonhosted.org/packages/66/10/4c29110e6571b00206962b219afa38e661001011bfc1b36bec4f74fdf51d/ty-0.0.1a14-py3-none-linux_armv6l.whl", hash = "sha256:165acd7a7c49d9cbd20b8fa72a7dab0ccceae935593618aba9218950fdbb0e08", size = 6969793, upload-time = "2025-07-08T11:57:07.349Z" },
    { url = "https://files.pythonhosted.org/packages/1b/bc/1d64ef953a53474725847a8bd3418e422218ed7024fe2bd9e3c9c2c859ce/ty-0.0.1a14-py3-none-macosx_10_12_x86_64.whl", hash = "sha256:54c357059f0c0d27f1efc544c0c9475f918d5cd579e7fa38365c5e2e4ef5868a", size = 7076030, upload-time = "2025-07-08T11:57:09.286Z" },
    { url = "https://files.pythonhosted.org/packages/de/b6/672bac4f24fab47def3c672a0a97d1eafbd6baef61b99ebefb805944c2a9/ty-0.0.1a14-py3-none-macosx_11_0_arm64.whl", hash = "sha256:c729efdddcfc7fe66df284a321cb2b8ea8c36f7e0a322176f0b5ffd3ca45db90", size = 6699358, upload-time = "2025-07-08T11:57:10.621Z" },
    { url = "https://files.pythonhosted.org/packages/99/1e/0a8d7a49c324584451309f96fc85f462e2b2052c216e82a2f689f9e477c0/ty-0.0.1a14-py3-none-manylinux_2_17_aarch64.manylinux2014_aarch64.whl", hash = "sha256:e593d549118e3794e11ab09e610520654a4c91a8c2ffaff8c31845067c2cf883", size = 6834240, upload-time = "2025-07-08T11:57:12.284Z" },
    { url = "https://files.pythonhosted.org/packages/5b/97/e57c49e7d5216af907ca83e4e4ede7471cef53284f90f8fe11f6051031d8/ty-0.0.1a14-py3-none-manylinux_2_17_armv7l.manylinux2014_armv7l.whl", hash = "sha256:679f715d9d4b5558231eafe6c4441a0a53c245a669ac2ba049c0996e538f7e88", size = 6810434, upload-time = "2025-07-08T11:57:13.643Z" },
    { url = "https://files.pythonhosted.org/packages/1b/0f/293680a83e7c86354b97a7e8cb08896338370eb169383c7b687aa3311f96/ty-0.0.1a14-py3-none-manylinux_2_17_i686.manylinux2014_i686.whl", hash = "sha256:541487c8b896c0094a32e91f96b2d6ee9bc3c1f1c0a9c5c781eef0002ca437a4", size = 7622086, upload-time = "2025-07-08T11:57:15.14Z" },
    { url = "https://files.pythonhosted.org/packages/2a/9c/f5d730903d65a0eb989d793a1d7e5a62f765841c45bef325403edf342810/ty-0.0.1a14-py3-none-manylinux_2_17_ppc64.manylinux2014_ppc64.whl", hash = "sha256:aa9ffb8a518762e78b0c6780475e89bfc8e040fb9832918b6bf79c5e8e96da92", size = 8073710, upload-time = "2025-07-08T11:57:16.512Z" },
    { url = "https://files.pythonhosted.org/packages/0e/09/f39d0f626df4841d39bdc8ae9052f91f65b45beff281bdf29a53efea79bf/ty-0.0.1a14-py3-none-manylinux_2_17_ppc64le.manylinux2014_ppc64le.whl", hash = "sha256:3bae3288461e3db28dd19f12d4f71d88f5be201283f6d8790d467cb87d9717bd", size = 7716213, upload-time = "2025-07-08T11:57:18.136Z" },
    { url = "https://files.pythonhosted.org/packages/68/5a/afdab1afec623ecede8108733228703bb4cb25fa8210ba16427fcd1c0429/ty-0.0.1a14-py3-none-manylinux_2_17_s390x.manylinux2014_s390x.whl", hash = "sha256:032ff6d43272c5a87ef2cf56773a4e44c370d98cdd129bc4b352d6c63c5348c7", size = 7559696, upload-time = "2025-07-08T11:57:19.816Z" },
    { url = "https://files.pythonhosted.org/packages/a7/26/e422f8ed5ca63b50bf87de5b4bc8fd15cb203a8d2690b2f447ccff0c74fb/ty-0.0.1a14-py3-none-manylinux_2_17_x86_64.manylinux2014_x86_64.whl", hash = "sha256:1cd7739be014ff5dee50b3a83252c7953cf278567079bde0e33c5203ff576d9b", size = 7375483, upload-time = "2025-07-08T11:57:21.525Z" },
    { url = "https://files.pythonhosted.org/packages/ea/f2/bb88da6ba64bfe5edff636738861a6b78050611da9540e372635e599ee4c/ty-0.0.1a14-py3-none-musllinux_1_2_aarch64.whl", hash = "sha256:5776cf7ea1000be79cd70d44fafe15b3695bac1a115806421402dfa79ba9953e", size = 6726122, upload-time = "2025-07-08T11:57:24.116Z" },
    { url = "https://files.pythonhosted.org/packages/93/96/62566786e9124b8f0f2fbced5e57046534e5835af83f9efb4a0c861f6a61/ty-0.0.1a14-py3-none-musllinux_1_2_armv7l.whl", hash = "sha256:10d62346a56a0d21c809ae885ca7513a1c54da8c94029664eeb68fbdd3effc02", size = 6839605, upload-time = "2025-07-08T11:57:25.705Z" },
    { url = "https://files.pythonhosted.org/packages/12/26/40b7e7388a5308cc53dd440cb24d1a95b3efd07c4a374fce9cd0fe777049/ty-0.0.1a14-py3-none-musllinux_1_2_i686.whl", hash = "sha256:7a5bb97658bf3fa054833bf3511499e1422a27dee7a3c10aff56d4daa3821d6d", size = 7268362, upload-time = "2025-07-08T11:57:27.012Z" },
    { url = "https://files.pythonhosted.org/packages/14/50/11f275d7cb413104dea1360a997ad373839ed0108980912605e59188afba/ty-0.0.1a14-py3-none-musllinux_1_2_x86_64.whl", hash = "sha256:a89c075ae1238d215de2343909952e872306791fbad96a8ffd119a83a3e0a914", size = 7435560, upload-time = "2025-07-08T11:57:28.673Z" },
    { url = "https://files.pythonhosted.org/packages/11/b6/468c98f9520515fd9a65ce5a51c9aa39f7f944cb8f320328839cef65d1f1/ty-0.0.1a14-py3-none-win32.whl", hash = "sha256:6c3e87f4549a1bf7524df074a4fe9a5815aff25e536c5fc6f1518b72e74a17cf", size = 6573723, upload-time = "2025-07-08T11:57:30.285Z" },
    { url = "https://files.pythonhosted.org/packages/1c/82/a771661d3d64e17688063dc5573e8eebc0683f581c843b840f5b03d108f7/ty-0.0.1a14-py3-none-win_amd64.whl", hash = "sha256:0ed6145dae24b68638037d7c82f094b22adfb48114678120cf392092973fad96", size = 7181298, upload-time = "2025-07-08T11:57:31.642Z" },
    { url = "https://files.pythonhosted.org/packages/9d/d0/68b106ddc25239d4a7114e64211aa5ad5d27488c1a318ab8ad057b88b4a7/ty-0.0.1a14-py3-none-win_arm64.whl", hash = "sha256:67717fbbb501c9deb11141662688804513082992aaeb5fdc6a3b7cd8e77eea8e", size = 6788031, upload-time = "2025-07-08T11:57:32.943Z" },
]

[[package]]
name = "vibrato"
version = "0.2.0"
source = { registry = "https://pypi.org/simple" }
sdist = { url = "https://files.pythonhosted.org/packages/3d/26/7abfb51bd807f40f39f3dfa2985db8599df5eb277940dc76a6ee105ff600/vibrato-0.2.0.tar.gz", hash = "sha256:d30e14d17463bd079a9b9e1a7a0ab48366f6aefc932647ed9504e6c815698464", size = 18296, upload-time = "2023-04-13T07:05:49.809Z" }
