version = 1
revision = 2
requires-python = ">=3.13"

[[package]]
name = "certifi"
version = "2025.7.14"
source = { registry = "https://pypi.org/simple" }
sdist = { url = "https://files.pythonhosted.org/packages/b3/76/52c535bcebe74590f296d6c77c86dabf761c41980e1347a2422e4aa2ae41/certifi-2025.7.14.tar.gz", hash = "sha256:8ea99dbdfaaf2ba2f9bac77b9249ef62ec5218e7c2b2e903378ed5fccf765995", size = 163981, upload-time = "2025-07-14T03:29:28.449Z" }
wheels = [
    { url = "https://files.pythonhosted.org/packages/4f/52/34c6cf5bb9285074dc3531c437b3919e825d976fde097a7a73f79e726d03/certifi-2025.7.14-py3-none-any.whl", hash = "sha256:6b31f564a415d79ee77df69d757bb49a5bb53bd9f756cbbe24394ffd6fc1f4b2", size = 162722, upload-time = "2025-07-14T03:29:26.863Z" },
]

[[package]]
name = "charset-normalizer"
version = "3.4.2"
source = { registry = "https://pypi.org/simple" }
sdist = { url = "https://files.pythonhosted.org/packages/e4/33/89c2ced2b67d1c2a61c19c6751aa8902d46ce3dacb23600a283619f5a12d/charset_normalizer-3.4.2.tar.gz", hash = "sha256:5baececa9ecba31eff645232d59845c07aa030f0c81ee70184a90d35099a0e63", size = 126367, upload-time = "2025-05-02T08:34:42.01Z" }
wheels = [
    { url = "https://files.pythonhosted.org/packages/ea/12/a93df3366ed32db1d907d7593a94f1fe6293903e3e92967bebd6950ed12c/charset_normalizer-3.4.2-cp313-cp313-macosx_10_13_universal2.whl", hash = "sha256:926ca93accd5d36ccdabd803392ddc3e03e6d4cd1cf17deff3b989ab8e9dbcf0", size = 199622, upload-time = "2025-05-02T08:32:56.363Z" },
    { url = "https://files.pythonhosted.org/packages/04/93/bf204e6f344c39d9937d3c13c8cd5bbfc266472e51fc8c07cb7f64fcd2de/charset_normalizer-3.4.2-cp313-cp313-manylinux_2_17_aarch64.manylinux2014_aarch64.whl", hash = "sha256:eba9904b0f38a143592d9fc0e19e2df0fa2e41c3c3745554761c5f6447eedabf", size = 143435, upload-time = "2025-05-02T08:32:58.551Z" },
    { url = "https://files.pythonhosted.org/packages/22/2a/ea8a2095b0bafa6c5b5a55ffdc2f924455233ee7b91c69b7edfcc9e02284/charset_normalizer-3.4.2-cp313-cp313-manylinux_2_17_ppc64le.manylinux2014_ppc64le.whl", hash = "sha256:3fddb7e2c84ac87ac3a947cb4e66d143ca5863ef48e4a5ecb83bd48619e4634e", size = 153653, upload-time = "2025-05-02T08:33:00.342Z" },
    { url = "https://files.pythonhosted.org/packages/b6/57/1b090ff183d13cef485dfbe272e2fe57622a76694061353c59da52c9a659/charset_normalizer-3.4.2-cp313-cp313-manylinux_2_17_s390x.manylinux2014_s390x.whl", hash = "sha256:98f862da73774290f251b9df8d11161b6cf25b599a66baf087c1ffe340e9bfd1", size = 146231, upload-time = "2025-05-02T08:33:02.081Z" },
    { url = "https://files.pythonhosted.org/packages/e2/28/ffc026b26f441fc67bd21ab7f03b313ab3fe46714a14b516f931abe1a2d8/charset_normalizer-3.4.2-cp313-cp313-manylinux_2_17_x86_64.manylinux2014_x86_64.whl", hash = "sha256:6c9379d65defcab82d07b2a9dfbfc2e95bc8fe0ebb1b176a3190230a3ef0e07c", size = 148243, upload-time = "2025-05-02T08:33:04.063Z" },
    { url = "https://files.pythonhosted.org/packages/c0/0f/9abe9bd191629c33e69e47c6ef45ef99773320e9ad8e9cb08b8ab4a8d4cb/charset_normalizer-3.4.2-cp313-cp313-manylinux_2_5_i686.manylinux1_i686.manylinux_2_17_i686.manylinux2014_i686.whl", hash = "sha256:e635b87f01ebc977342e2697d05b56632f5f879a4f15955dfe8cef2448b51691", size = 150442, upload-time = "2025-05-02T08:33:06.418Z" },
    { url = "https://files.pythonhosted.org/packages/67/7c/a123bbcedca91d5916c056407f89a7f5e8fdfce12ba825d7d6b9954a1a3c/charset_normalizer-3.4.2-cp313-cp313-musllinux_1_2_aarch64.whl", hash = "sha256:1c95a1e2902a8b722868587c0e1184ad5c55631de5afc0eb96bc4b0d738092c0", size = 145147, upload-time = "2025-05-02T08:33:08.183Z" },
    { url = "https://files.pythonhosted.org/packages/ec/fe/1ac556fa4899d967b83e9893788e86b6af4d83e4726511eaaad035e36595/charset_normalizer-3.4.2-cp313-cp313-musllinux_1_2_i686.whl", hash = "sha256:ef8de666d6179b009dce7bcb2ad4c4a779f113f12caf8dc77f0162c29d20490b", size = 153057, upload-time = "2025-05-02T08:33:09.986Z" },
    { url = "https://files.pythonhosted.org/packages/2b/ff/acfc0b0a70b19e3e54febdd5301a98b72fa07635e56f24f60502e954c461/charset_normalizer-3.4.2-cp313-cp313-musllinux_1_2_ppc64le.whl", hash = "sha256:32fc0341d72e0f73f80acb0a2c94216bd704f4f0bce10aedea38f30502b271ff", size = 156454, upload-time = "2025-05-02T08:33:11.814Z" },
    { url = "https://files.pythonhosted.org/packages/92/08/95b458ce9c740d0645feb0e96cea1f5ec946ea9c580a94adfe0b617f3573/charset_normalizer-3.4.2-cp313-cp313-musllinux_1_2_s390x.whl", hash = "sha256:289200a18fa698949d2b39c671c2cc7a24d44096784e76614899a7ccf2574b7b", size = 154174, upload-time = "2025-05-02T08:33:13.707Z" },
    { url = "https://files.pythonhosted.org/packages/78/be/8392efc43487ac051eee6c36d5fbd63032d78f7728cb37aebcc98191f1ff/charset_normalizer-3.4.2-cp313-cp313-musllinux_1_2_x86_64.whl", hash = "sha256:4a476b06fbcf359ad25d34a057b7219281286ae2477cc5ff5e3f70a246971148", size = 149166, upload-time = "2025-05-02T08:33:15.458Z" },
    { url = "https://files.pythonhosted.org/packages/44/96/392abd49b094d30b91d9fbda6a69519e95802250b777841cf3bda8fe136c/charset_normalizer-3.4.2-cp313-cp313-win32.whl", hash = "sha256:aaeeb6a479c7667fbe1099af9617c83aaca22182d6cf8c53966491a0f1b7ffb7", size = 98064, upload-time = "2025-05-02T08:33:17.06Z" },
    { url = "https://files.pythonhosted.org/packages/e9/b0/0200da600134e001d91851ddc797809e2fe0ea72de90e09bec5a2fbdaccb/charset_normalizer-3.4.2-cp313-cp313-win_amd64.whl", hash = "sha256:aa6af9e7d59f9c12b33ae4e9450619cf2488e2bbe9b44030905877f0b2324980", size = 105641, upload-time = "2025-05-02T08:33:18.753Z" },
    { url = "https://files.pythonhosted.org/packages/20/94/c5790835a017658cbfabd07f3bfb549140c3ac458cfc196323996b10095a/charset_normalizer-3.4.2-py3-none-any.whl", hash = "sha256:7f56930ab0abd1c45cd15be65cc741c28b1c9a34876ce8c17a2fa107810c0af0", size = 52626, upload-time = "2025-05-02T08:34:40.053Z" },
]

[[package]]
name = "colorama"
version = "0.4.6"
source = { registry = "https://pypi.org/simple" }
sdist = { url = "https://files.pythonhosted.org/packages/d8/53/6f443c9a4a8358a93a6792e2acffb9d9d5cb0a5cfd8802644b7b1c9a02e4/colorama-0.4.6.tar.gz", hash = "sha256:08695f5cb7ed6e0531a20572697297273c47b8cae5a63ffc6d6ed5c201be6e44", size = 27697, upload-time = "2022-10-25T02:36:22.414Z" }
wheels = [
    { url = "https://files.pythonhosted.org/packages/d1/d6/3965ed04c63042e047cb6a3e6ed1a63a35087b6a609aa3a15ed8ac56c221/colorama-0.4.6-py2.py3-none-any.whl", hash = "sha256:4f1d9991f5acc0ca119f9d443620b77f9d6b33703e51011c16baf57afb285fc6", size = 25335, upload-time = "2022-10-25T02:36:20.889Z" },
]

[[package]]
name = "coverage"
version = "7.10.0"
source = { registry = "https://pypi.org/simple" }
sdist = { url = "https://files.pythonhosted.org/packages/6d/8f/6ac7fbb29e35645065f7be835bfe3e0cce567f80390de2f3db65d83cb5e3/coverage-7.10.0.tar.gz", hash = "sha256:2768885aef484b5dcde56262cbdfba559b770bfc46994fe9485dc3614c7a5867", size = 819816, upload-time = "2025-07-24T16:53:00.896Z" }
wheels = [
    { url = "https://files.pythonhosted.org/packages/fc/a7/a47f64718c2229b7860a334edd4e6ff41ec8513f3d3f4246284610344392/coverage-7.10.0-cp313-cp313-macosx_10_13_x86_64.whl", hash = "sha256:d883fee92b9245c0120fa25b5d36de71ccd4cfc29735906a448271e935d8d86d", size = 215143, upload-time = "2025-07-24T16:51:14.105Z" },
    { url = "https://files.pythonhosted.org/packages/ea/86/14d76a409e9ffab10d5aece73ac159dbd102fc56627e203413bfc6d53b24/coverage-7.10.0-cp313-cp313-macosx_11_0_arm64.whl", hash = "sha256:c87e59e88268d30e33d3665ede4fbb77b513981a2df0059e7c106ca3de537586", size = 215401, upload-time = "2025-07-24T16:51:15.978Z" },
    { url = "https://files.pythonhosted.org/packages/f4/b3/fb5c28148a19035a3877fac4e40b044a4c97b24658c980bcf7dff18bfab8/coverage-7.10.0-cp313-cp313-manylinux1_i686.manylinux_2_28_i686.manylinux_2_5_i686.whl", hash = "sha256:f669d969f669a11d6ceee0b733e491d9a50573eb92a71ffab13b15f3aa2665d4", size = 245949, upload-time = "2025-07-24T16:51:17.628Z" },
    { url = "https://files.pythonhosted.org/packages/6d/95/357559ecfe73970d2023845797361e6c2e6c2c05f970073fff186fe19dd7/coverage-7.10.0-cp313-cp313-manylinux1_x86_64.manylinux_2_28_x86_64.manylinux_2_5_x86_64.whl", hash = "sha256:9582bd6c6771300a847d328c1c4204e751dbc339a9e249eecdc48cada41f72e6", size = 248295, upload-time = "2025-07-24T16:51:19.46Z" },
    { url = "https://files.pythonhosted.org/packages/7e/58/bac5bc43085712af201f76a24733895331c475e5ddda88ac36c1332a65e6/coverage-7.10.0-cp313-cp313-manylinux2014_aarch64.manylinux_2_17_aarch64.manylinux_2_28_aarch64.whl", hash = "sha256:91f97e9637dc7977842776fdb7ad142075d6fa40bc1b91cb73685265e0d31d32", size = 249733, upload-time = "2025-07-24T16:51:21.518Z" },
    { url = "https://files.pythonhosted.org/packages/b2/db/104b713b3b74752ee365346677fb104765923982ae7bd93b95ca41fe256b/coverage-7.10.0-cp313-cp313-musllinux_1_2_aarch64.whl", hash = "sha256:ae4fa92b6601a62367c6c9967ad32ad4e28a89af54b6bb37d740946b0e0534dd", size = 247943, upload-time = "2025-07-24T16:51:23.194Z" },
    { url = "https://files.pythonhosted.org/packages/32/4f/bef25c797c9496cf31ae9cfa93ce96b4414cacf13688e4a6000982772fd5/coverage-7.10.0-cp313-cp313-musllinux_1_2_i686.whl", hash = "sha256:3a5cc8b97473e7b3623dd17a42d2194a2b49de8afecf8d7d03c8987237a9552c", size = 245914, upload-time = "2025-07-24T16:51:24.766Z" },
    { url = "https://files.pythonhosted.org/packages/36/6b/b3efa0b506dbb9a37830d6dc862438fe3ad2833c5f889152bce24d9577cf/coverage-7.10.0-cp313-cp313-musllinux_1_2_x86_64.whl", hash = "sha256:dc1cbb7f623250e047c32bd7aa1bb62ebc62608d5004d74df095e1059141ac88", size = 247296, upload-time = "2025-07-24T16:51:26.361Z" },
    { url = "https://files.pythonhosted.org/packages/1f/aa/95a845266aeacab4c57b08e0f4e0e2899b07809a18fd0c1ddef2ac2c9138/coverage-7.10.0-cp313-cp313-win32.whl", hash = "sha256:1380cc5666d778e77f1587cd88cc317158111f44d54c0dd3975f0936993284e0", size = 217566, upload-time = "2025-07-24T16:51:28.961Z" },
    { url = "https://files.pythonhosted.org/packages/a0/d1/27b6e5073a8026b9e0f4224f1ac53217ce589a4cdab1bee878f23bff64f0/coverage-7.10.0-cp313-cp313-win_amd64.whl", hash = "sha256:bf03cf176af098ee578b754a03add4690b82bdfe070adfb5d192d0b1cd15cf82", size = 218337, upload-time = "2025-07-24T16:51:31.45Z" },
    { url = "https://files.pythonhosted.org/packages/c7/06/0e3ba498b11e2245fd96bd7e8dcdf90e1dd36d57f49f308aa650ff0561b8/coverage-7.10.0-cp313-cp313-win_arm64.whl", hash = "sha256:8041c78cd145088116db2329b2fb6e89dc338116c962fbe654b7e9f5d72ab957", size = 216740, upload-time = "2025-07-24T16:51:33.317Z" },
    { url = "https://files.pythonhosted.org/packages/44/8b/11529debbe3e6b39ef6e7c8912554724adc6dc10adbb617a855ecfd387eb/coverage-7.10.0-cp313-cp313t-macosx_10_13_x86_64.whl", hash = "sha256:37cc2c06052771f48651160c080a86431884db9cd62ba622cab71049b90a95b3", size = 215866, upload-time = "2025-07-24T16:51:35.339Z" },
    { url = "https://files.pythonhosted.org/packages/9c/6d/d8981310879e395f39af66536665b75135b1bc88dd21c7764e3340e9ce69/coverage-7.10.0-cp313-cp313t-macosx_11_0_arm64.whl", hash = "sha256:91f37270b16178b05fa107d85713d29bf21606e37b652d38646eef5f2dfbd458", size = 216083, upload-time = "2025-07-24T16:51:36.932Z" },
    { url = "https://files.pythonhosted.org/packages/c3/84/93295402de002de8b8c953bf6a1f19687174c4db7d44c1e85ffc153a772d/coverage-7.10.0-cp313-cp313t-manylinux1_i686.manylinux_2_28_i686.manylinux_2_5_i686.whl", hash = "sha256:f9b0b0168864d09bcb9a3837548f75121645c4cfd0efce0eb994c221955c5b10", size = 257320, upload-time = "2025-07-24T16:51:38.734Z" },
    { url = "https://files.pythonhosted.org/packages/02/5c/d0540db4869954dac0f69ad709adcd51f3a73ab11fcc9435ee76c518944a/coverage-7.10.0-cp313-cp313t-manylinux1_x86_64.manylinux_2_28_x86_64.manylinux_2_5_x86_64.whl", hash = "sha256:df0be435d3b616e7d3ee3f9ebbc0d784a213986fe5dff9c6f1042ee7cfd30157", size = 259182, upload-time = "2025-07-24T16:51:40.463Z" },
    { url = "https://files.pythonhosted.org/packages/59/b2/d7d57a41a15ca4b47290862efd6b596d0a185bfd26f15d04db9f238aa56c/coverage-7.10.0-cp313-cp313t-manylinux2014_aarch64.manylinux_2_17_aarch64.manylinux_2_28_aarch64.whl", hash = "sha256:35e9aba1c4434b837b1d567a533feba5ce205e8e91179c97974b28a14c23d3a0", size = 261322, upload-time = "2025-07-24T16:51:42.44Z" },
    { url = "https://files.pythonhosted.org/packages/16/92/fd828ae411b3da63673305617b6fbeccc09feb7dfe397d164f55a65cd880/coverage-7.10.0-cp313-cp313t-musllinux_1_2_aarch64.whl", hash = "sha256:a0b0c481e74dfad631bdc2c883e57d8b058e5c90ba8ef087600995daf7bbec18", size = 258914, upload-time = "2025-07-24T16:51:44.115Z" },
    { url = "https://files.pythonhosted.org/packages/28/49/4aa5f5464b2e1215640c0400c5b007e7f5cdade8bf39c55c33b02f3a8c7f/coverage-7.10.0-cp313-cp313t-musllinux_1_2_i686.whl", hash = "sha256:8aec1b7c8922808a433c13cd44ace6fceac0609f4587773f6c8217a06102674b", size = 257051, upload-time = "2025-07-24T16:51:45.75Z" },
    { url = "https://files.pythonhosted.org/packages/1e/5a/ded2346098c7f48ff6e135b5005b97de4cd9daec5c39adb4ecf3a60967da/coverage-7.10.0-cp313-cp313t-musllinux_1_2_x86_64.whl", hash = "sha256:04ec59ceb3a594af0927f2e0d810e1221212abd9a2e6b5b917769ff48760b460", size = 257869, upload-time = "2025-07-24T16:51:47.41Z" },
    { url = "https://files.pythonhosted.org/packages/46/66/e06cedb8fc7d1c96630b2f549b8cdc084e2623dcc70c900cb3b705a36a60/coverage-7.10.0-cp313-cp313t-win32.whl", hash = "sha256:b6871e62d29646eb9b3f5f92def59e7575daea1587db21f99e2b19561187abda", size = 218243, upload-time = "2025-07-24T16:51:49.136Z" },
    { url = "https://files.pythonhosted.org/packages/e7/1e/e84dd5ff35ed066bd6150e5c26fe0061ded2c59c209fd4f18db0650766c0/coverage-7.10.0-cp313-cp313t-win_amd64.whl", hash = "sha256:ff99cff2be44f78920b76803f782e91ffb46ccc7fa89eccccc0da3ca94285b64", size = 219334, upload-time = "2025-07-24T16:51:50.789Z" },
    { url = "https://files.pythonhosted.org/packages/b7/e0/b7b60b5dbc4e88eac0a0e9d5b4762409a59b29bf4e772b3509c8543ccaba/coverage-7.10.0-cp313-cp313t-win_arm64.whl", hash = "sha256:3246b63501348fe47299d12c47a27cfc221cfbffa1c2d857bcc8151323a4ae4f", size = 217196, upload-time = "2025-07-24T16:51:52.599Z" },
    { url = "https://files.pythonhosted.org/packages/15/c1/597b4fa7d6c0861d4916c4fe5c45bf30c11b31a3b07fedffed23dec5f765/coverage-7.10.0-cp314-cp314-macosx_10_13_x86_64.whl", hash = "sha256:1f628d91f941a375b4503cb486148dbeeffb48e17bc080e0f0adfee729361574", size = 215139, upload-time = "2025-07-24T16:51:54.381Z" },
    { url = "https://files.pythonhosted.org/packages/18/47/07973dcad0161355cf01ff0023ab34466b735deb460a178f37163d7c800e/coverage-7.10.0-cp314-cp314-macosx_11_0_arm64.whl", hash = "sha256:3a0e101d5af952d233557e445f42ebace20b06b4ceb615581595ced5386caa78", size = 215419, upload-time = "2025-07-24T16:51:56.341Z" },
    { url = "https://files.pythonhosted.org/packages/f6/f8/c65127782da312084ef909c1531226c869bfe22dac8b92d9c609d8150131/coverage-7.10.0-cp314-cp314-manylinux1_i686.manylinux_2_28_i686.manylinux_2_5_i686.whl", hash = "sha256:ec4c1abbcc53f9f650acb14ea71725d88246a9e14ed42f8dd1b4e1b694e9d842", size = 245917, upload-time = "2025-07-24T16:51:58.045Z" },
    { url = "https://files.pythonhosted.org/packages/05/97/a7f2fe79b6ae759ccc8740608cf9686ae406cc5e5591947ebbf1d679a325/coverage-7.10.0-cp314-cp314-manylinux1_x86_64.manylinux_2_28_x86_64.manylinux_2_5_x86_64.whl", hash = "sha256:9c95f3a7f041b4cc68a8e3fecfa6366170c13ac773841049f1cd19c8650094e0", size = 248225, upload-time = "2025-07-24T16:51:59.745Z" },
    { url = "https://files.pythonhosted.org/packages/7f/d3/d2e1496d7ac3340356c5de582e08e14b02933e254924f79d18e9749269d8/coverage-7.10.0-cp314-cp314-manylinux2014_aarch64.manylinux_2_17_aarch64.manylinux_2_28_aarch64.whl", hash = "sha256:8a2cd597b69c16d24e310611f2ed6fcfb8f09429316038c03a57e7b4f5345244", size = 249844, upload-time = "2025-07-24T16:52:01.799Z" },
    { url = "https://files.pythonhosted.org/packages/e5/7e/e26d966c9cae62500e5924107974ede2e985f7d119d10ed44d102998e509/coverage-7.10.0-cp314-cp314-musllinux_1_2_aarch64.whl", hash = "sha256:5e18591906a40c2b3609196c9879136aa4a47c5405052ca6b065ab10cb0b71d0", size = 247871, upload-time = "2025-07-24T16:52:03.797Z" },
    { url = "https://files.pythonhosted.org/packages/59/95/6a372a292dfb9d6e2cc019fc50878f7a6a5fbe704604018d7c5c1dbffb2d/coverage-7.10.0-cp314-cp314-musllinux_1_2_i686.whl", hash = "sha256:485c55744252ed3f300cc1a0f5f365e684a0f2651a7aed301f7a67125906b80e", size = 245714, upload-time = "2025-07-24T16:52:05.966Z" },
    { url = "https://files.pythonhosted.org/packages/02/7f/63da22b7bc4e82e2c1df7755223291fc94fb01942cfe75e19f2bed96129e/coverage-7.10.0-cp314-cp314-musllinux_1_2_x86_64.whl", hash = "sha256:4dabea1516e5b0e9577282b149c8015e4dceeb606da66fb8d9d75932d5799bf5", size = 247131, upload-time = "2025-07-24T16:52:07.661Z" },
    { url = "https://files.pythonhosted.org/packages/3d/af/883272555e34872879f48daea4207489cb36df249e3069e6a8a664dc6ba6/coverage-7.10.0-cp314-cp314-win32.whl", hash = "sha256:ac455f0537af22333fdc23b824cff81110dff2d47300bb2490f947b7c9a16017", size = 217804, upload-time = "2025-07-24T16:52:09.328Z" },
    { url = "https://files.pythonhosted.org/packages/90/f6/7afc3439994b7f7311d858438d49eef8b06eadbf2322502d921a110fae1e/coverage-7.10.0-cp314-cp314-win_amd64.whl", hash = "sha256:b3c94b532f52f95f36fbfde3e178510a4d04eea640b484b2fe8f1491338dc653", size = 218596, upload-time = "2025-07-24T16:52:11.038Z" },
    { url = "https://files.pythonhosted.org/packages/0b/99/7c715cfa155609ee3e71bc81b4d1265e1a9b79ad00cc3d19917ea736cbac/coverage-7.10.0-cp314-cp314-win_arm64.whl", hash = "sha256:2f807f2c3a9da99c80dfa73f09ef5fc3bd21e70c73ba1c538f23396a3a772252", size = 216960, upload-time = "2025-07-24T16:52:12.77Z" },
    { url = "https://files.pythonhosted.org/packages/59/18/5cb476346d3842f2e42cd92614a91921ebad38aa97aba63f2aab51919e35/coverage-7.10.0-cp314-cp314t-macosx_10_13_x86_64.whl", hash = "sha256:0a889ef25215990f65073c32cadf37483363a6a22914186dedc15a6b1a597d50", size = 215881, upload-time = "2025-07-24T16:52:14.492Z" },
    { url = "https://files.pythonhosted.org/packages/80/1b/c066d6836f4c1940a8df14894a5ec99db362838fdd9eee9fb7efe0e561d2/coverage-7.10.0-cp314-cp314t-macosx_11_0_arm64.whl", hash = "sha256:39c638ecf3123805bacbf71aff8091e93af490c676fca10ab4e442375076e483", size = 216087, upload-time = "2025-07-24T16:52:16.216Z" },
    { url = "https://files.pythonhosted.org/packages/1d/57/f0996fd468e70d4d24d69eba10ecc2b913c2e85d9f3c1bb2075ad7554c05/coverage-7.10.0-cp314-cp314t-manylinux1_i686.manylinux_2_28_i686.manylinux_2_5_i686.whl", hash = "sha256:f2f2c0df0cbcf7dffa14f88a99c530cdef3f4fcfe935fa4f95d28be2e7ebc570", size = 257408, upload-time = "2025-07-24T16:52:18.136Z" },
    { url = "https://files.pythonhosted.org/packages/36/78/c9f308b2b986cc685d4964a3b829b053817a07d7ba14ff124cf06154402e/coverage-7.10.0-cp314-cp314t-manylinux1_x86_64.manylinux_2_28_x86_64.manylinux_2_5_x86_64.whl", hash = "sha256:048d19a5d641a2296745ab59f34a27b89a08c48d6d432685f22aac0ec1ea447f", size = 259373, upload-time = "2025-07-24T16:52:20.923Z" },
    { url = "https://files.pythonhosted.org/packages/99/13/192827b71da71255d3554cb7dc289bce561cb281bda27e1b0dd19d88e47d/coverage-7.10.0-cp314-cp314t-manylinux2014_aarch64.manylinux_2_17_aarch64.manylinux_2_28_aarch64.whl", hash = "sha256:1209b65d302d7a762004be37ab9396cbd8c99525ed572bdf455477e3a9449e06", size = 261495, upload-time = "2025-07-24T16:52:23.018Z" },
    { url = "https://files.pythonhosted.org/packages/0d/5c/cf4694353405abbb440a94468df8e5c4dbf884635da1f056b43be7284d28/coverage-7.10.0-cp314-cp314t-musllinux_1_2_aarch64.whl", hash = "sha256:e44aa79a36a7a0aec6ea109905a4a7c28552d90f34e5941b36217ae9556657d5", size = 258970, upload-time = "2025-07-24T16:52:25.685Z" },
    { url = "https://files.pythonhosted.org/packages/c7/83/fb45dac65c42eff6ce4153fe51b9f2a9fdc832ce57b7902ab9ff216c3faa/coverage-7.10.0-cp314-cp314t-musllinux_1_2_i686.whl", hash = "sha256:96124be864b89395770c9a14652afcddbcdafb99466f53a9281c51d1466fb741", size = 257046, upload-time = "2025-07-24T16:52:27.778Z" },
    { url = "https://files.pythonhosted.org/packages/60/95/577dc757c01f493a1951157475dd44561c82084387f12635974fb62e848c/coverage-7.10.0-cp314-cp314t-musllinux_1_2_x86_64.whl", hash = "sha256:aad222e841f94b42bd1d6be71737fade66943853f0807cf87887c88f70883a2a", size = 257946, upload-time = "2025-07-24T16:52:29.931Z" },
    { url = "https://files.pythonhosted.org/packages/da/5a/14b1be12e3a71fcf4031464ae285dab7df0939976236d0462c4c5382d317/coverage-7.10.0-cp314-cp314t-win32.whl", hash = "sha256:0eed5354d28caa5c8ad60e07e938f253e4b2810ea7dd56784339b6ce98b6f104", size = 218602, upload-time = "2025-07-24T16:52:32.074Z" },
    { url = "https://files.pythonhosted.org/packages/a0/8d/c32890c0f4f7f71b8d4a1074ef8e9ef28e9b9c2f9fd0e2896f2cc32593bf/coverage-7.10.0-cp314-cp314t-win_amd64.whl", hash = "sha256:3da35f9980058acb960b2644527cc3911f1e00f94d309d704b309fa984029109", size = 219720, upload-time = "2025-07-24T16:52:34.745Z" },
    { url = "https://files.pythonhosted.org/packages/22/f7/e5cc13338aa5e2780b6226fb50e9bd8f3f88da85a4b2951447b4b51109a4/coverage-7.10.0-cp314-cp314t-win_arm64.whl", hash = "sha256:cb9e138dfa8a4b5c52c92a537651e2ca4f2ca48d8cb1bc01a2cbe7a5773c2426", size = 217374, upload-time = "2025-07-24T16:52:36.974Z" },
    { url = "https://files.pythonhosted.org/packages/09/df/7c34bada8ace39f688b3bd5bc411459a20a3204ccb0984c90169a80a9366/coverage-7.10.0-py3-none-any.whl", hash = "sha256:310a786330bb0463775c21d68e26e79973839b66d29e065c5787122b8dd4489f", size = 206777, upload-time = "2025-07-24T16:52:59.009Z" },
]

[[package]]
name = "execnet"
version = "2.1.1"
source = { registry = "https://pypi.org/simple" }
sdist = { url = "https://files.pythonhosted.org/packages/bb/ff/b4c0dc78fbe20c3e59c0c7334de0c27eb4001a2b2017999af398bf730817/execnet-2.1.1.tar.gz", hash = "sha256:5189b52c6121c24feae288166ab41b32549c7e2348652736540b9e6e7d4e72e3", size = 166524, upload-time = "2024-04-08T09:04:19.245Z" }
wheels = [
    { url = "https://files.pythonhosted.org/packages/43/09/2aea36ff60d16dd8879bdb2f5b3ee0ba8d08cbbdcdfe870e695ce3784385/execnet-2.1.1-py3-none-any.whl", hash = "sha256:26dee51f1b80cebd6d0ca8e74dd8745419761d3bef34163928cbebbdc4749fdc", size = 40612, upload-time = "2024-04-08T09:04:17.414Z" },
]

[[package]]
name = "idna"
version = "3.10"
source = { registry = "https://pypi.org/simple" }
sdist = { url = "https://files.pythonhosted.org/packages/f1/70/7703c29685631f5a7590aa73f1f1d3fa9a380e654b86af429e0934a32f7d/idna-3.10.tar.gz", hash = "sha256:12f65c9b470abda6dc35cf8e63cc574b1c52b11df2c86030af0ac09b01b13ea9", size = 190490, upload-time = "2024-09-15T18:07:39.745Z" }
wheels = [
    { url = "https://files.pythonhosted.org/packages/76/c6/c88e154df9c4e1a2a66ccf0005a88dfb2650c1dffb6f5ce603dfbd452ce3/idna-3.10-py3-none-any.whl", hash = "sha256:946d195a0d259cbba61165e88e65941f16e9b36ea6ddb97f00452bae8b1287d3", size = 70442, upload-time = "2024-09-15T18:07:37.964Z" },
]

[[package]]
name = "iniconfig"
version = "2.1.0"
source = { registry = "https://pypi.org/simple" }
sdist = { url = "https://files.pythonhosted.org/packages/f2/97/ebf4da567aa6827c909642694d71c9fcf53e5b504f2d96afea02718862f3/iniconfig-2.1.0.tar.gz", hash = "sha256:3abbd2e30b36733fee78f9c7f7308f2d0050e88f0087fd25c2645f63c773e1c7", size = 4793, upload-time = "2025-03-19T20:09:59.721Z" }
wheels = [
    { url = "https://files.pythonhosted.org/packages/2c/e1/e6716421ea10d38022b952c159d5161ca1193197fb744506875fbb87ea7b/iniconfig-2.1.0-py3-none-any.whl", hash = "sha256:9deba5723312380e77435581c6bf4935c94cbfab9b1ed33ef8d238ea168eb760", size = 6050, upload-time = "2025-03-19T20:10:01.071Z" },
]

[[package]]
name = "janome"
version = "0.5.0"
source = { registry = "https://pypi.org/simple" }
sdist = { url = "https://files.pythonhosted.org/packages/08/4e/dc2b1a89a4ffafbf9bf49c8e11f69e28ba8b3ef81d11afe6e9f96caee6cc/Janome-0.5.0.tar.gz", hash = "sha256:ce4a3ed7a4635c2f80139639327d5b1e0381858ad74a3c4a61e8cc83f820400e", size = 18829020, upload-time = "2023-07-01T10:53:09.161Z" }
wheels = [
    { url = "https://files.pythonhosted.org/packages/73/7d/70f4069f4bbf0fca023e82a1fbbade6f5216365d4fe259fee1950723eca5/Janome-0.5.0-py2.py3-none-any.whl", hash = "sha256:d098670394a77881ce2f6b7d696c0ea5ff74c0c8cf74a8a882159ec82c0e6dc7", size = 19654103, upload-time = "2023-07-01T10:52:58.572Z" },
]

[[package]]
name = "packaging"
version = "25.0"
source = { registry = "https://pypi.org/simple" }
sdist = { url = "https://files.pythonhosted.org/packages/a1/d4/1fc4078c65507b51b96ca8f8c3ba19e6a61c8253c72794544580a7b6c24d/packaging-25.0.tar.gz", hash = "sha256:d443872c98d677bf60f6a1f2f8c1cb748e8fe762d2bf9d3148b5599295b0fc4f", size = 165727, upload-time = "2025-04-19T11:48:59.673Z" }
wheels = [
    { url = "https://files.pythonhosted.org/packages/20/12/38679034af332785aac8774540895e234f4d07f7545804097de4b666afd8/packaging-25.0-py3-none-any.whl", hash = "sha256:29572ef2b1f17581046b3a2227d5c611fb25ec70ca1ba8554b24b0e69331a484", size = 66469, upload-time = "2025-04-19T11:48:57.875Z" },
]

[[package]]
name = "pluggy"
version = "1.6.0"
source = { registry = "https://pypi.org/simple" }
sdist = { url = "https://files.pythonhosted.org/packages/f9/e2/3e91f31a7d2b083fe6ef3fa267035b518369d9511ffab804f839851d2779/pluggy-1.6.0.tar.gz", hash = "sha256:7dcc130b76258d33b90f61b658791dede3486c3e6bfb003ee5c9bfb396dd22f3", size = 69412, upload-time = "2025-05-15T12:30:07.975Z" }
wheels = [
    { url = "https://files.pythonhosted.org/packages/54/20/4d324d65cc6d9205fabedc306948156824eb9f0ee1633355a8f7ec5c66bf/pluggy-1.6.0-py3-none-any.whl", hash = "sha256:e920276dd6813095e9377c0bc5566d94c932c33b27a3e3945d8389c374dd4746", size = 20538, upload-time = "2025-05-15T12:30:06.134Z" },
]

[[package]]
name = "py-cpuinfo"
version = "9.0.0"
source = { registry = "https://pypi.org/simple" }
sdist = { url = "https://files.pythonhosted.org/packages/37/a8/d832f7293ebb21690860d2e01d8115e5ff6f2ae8bbdc953f0eb0fa4bd2c7/py-cpuinfo-9.0.0.tar.gz", hash = "sha256:3cdbbf3fac90dc6f118bfd64384f309edeadd902d7c8fb17f02ffa1fc3f49690", size = 104716, upload-time = "2022-10-25T20:38:06.303Z" }
wheels = [
    { url = "https://files.pythonhosted.org/packages/e0/a9/023730ba63db1e494a271cb018dcd361bd2c917ba7004c3e49d5daf795a2/py_cpuinfo-9.0.0-py3-none-any.whl", hash = "sha256:859625bc251f64e21f077d099d4162689c762b5d6a4c3c97553d56241c9674d5", size = 22335, upload-time = "2022-10-25T20:38:27.636Z" },
]

[[package]]
name = "pygments"
version = "2.19.2"
source = { registry = "https://pypi.org/simple" }
sdist = { url = "https://files.pythonhosted.org/packages/b0/77/a5b8c569bf593b0140bde72ea885a803b82086995367bf2037de0159d924/pygments-2.19.2.tar.gz", hash = "sha256:636cb2477cec7f8952536970bc533bc43743542f70392ae026374600add5b887", size = 4968631, upload-time = "2025-06-21T13:39:12.283Z" }
wheels = [
    { url = "https://files.pythonhosted.org/packages/c7/21/705964c7812476f378728bdf590ca4b771ec72385c533964653c68e86bdc/pygments-2.19.2-py3-none-any.whl", hash = "sha256:86540386c03d588bb81d44bc3928634ff26449851e99741617ecb9037ee5ec0b", size = 1225217, upload-time = "2025-06-21T13:39:07.939Z" },
]

[[package]]
name = "pytest"
version = "8.4.1"
source = { registry = "https://pypi.org/simple" }
dependencies = [
    { name = "colorama", marker = "sys_platform == 'win32'" },
    { name = "iniconfig" },
    { name = "packaging" },
    { name = "pluggy" },
    { name = "pygments" },
]
sdist = { url = "https://files.pythonhosted.org/packages/08/ba/45911d754e8eba3d5a841a5ce61a65a685ff1798421ac054f85aa8747dfb/pytest-8.4.1.tar.gz", hash = "sha256:7c67fd69174877359ed9371ec3af8a3d2b04741818c51e5e99cc1742251fa93c", size = 1517714, upload-time = "2025-06-18T05:48:06.109Z" }
wheels = [
    { url = "https://files.pythonhosted.org/packages/29/16/c8a903f4c4dffe7a12843191437d7cd8e32751d5de349d45d3fe69544e87/pytest-8.4.1-py3-none-any.whl", hash = "sha256:539c70ba6fcead8e78eebbf1115e8b589e7565830d7d006a8723f19ac8a0afb7", size = 365474, upload-time = "2025-06-18T05:48:03.955Z" },
]

[[package]]
name = "pytest-benchmark"
version = "5.1.0"
source = { registry = "https://pypi.org/simple" }
dependencies = [
    { name = "py-cpuinfo" },
    { name = "pytest" },
]
sdist = { url = "https://files.pythonhosted.org/packages/39/d0/a8bd08d641b393db3be3819b03e2d9bb8760ca8479080a26a5f6e540e99c/pytest-benchmark-5.1.0.tar.gz", hash = "sha256:9ea661cdc292e8231f7cd4c10b0319e56a2118e2c09d9f50e1b3d150d2aca105", size = 337810, upload-time = "2024-10-30T11:51:48.521Z" }
wheels = [
    { url = "https://files.pythonhosted.org/packages/9e/d6/b41653199ea09d5969d4e385df9bbfd9a100f28ca7e824ce7c0a016e3053/pytest_benchmark-5.1.0-py3-none-any.whl", hash = "sha256:922de2dfa3033c227c96da942d1878191afa135a29485fb942e85dff1c592c89", size = 44259, upload-time = "2024-10-30T11:51:45.94Z" },
]

[[package]]
name = "pytest-cov"
version = "6.2.1"
source = { registry = "https://pypi.org/simple" }
dependencies = [
    { name = "coverage" },
    { name = "pluggy" },
    { name = "pytest" },
]
sdist = { url = "https://files.pythonhosted.org/packages/18/99/668cade231f434aaa59bbfbf49469068d2ddd945000621d3d165d2e7dd7b/pytest_cov-6.2.1.tar.gz", hash = "sha256:25cc6cc0a5358204b8108ecedc51a9b57b34cc6b8c967cc2c01a4e00d8a67da2", size = 69432, upload-time = "2025-06-12T10:47:47.684Z" }
wheels = [
    { url = "https://files.pythonhosted.org/packages/bc/16/4ea354101abb1287856baa4af2732be351c7bee728065aed451b678153fd/pytest_cov-6.2.1-py3-none-any.whl", hash = "sha256:f5bc4c23f42f1cdd23c70b1dab1bbaef4fc505ba950d53e0081d0730dd7e86d5", size = 24644, upload-time = "2025-06-12T10:47:45.932Z" },
]

[[package]]
name = "pytest-xdist"
version = "3.8.0"
source = { registry = "https://pypi.org/simple" }
dependencies = [
    { name = "execnet" },
    { name = "pytest" },
]
sdist = { url = "https://files.pythonhosted.org/packages/78/b4/439b179d1ff526791eb921115fca8e44e596a13efeda518b9d845a619450/pytest_xdist-3.8.0.tar.gz", hash = "sha256:7e578125ec9bc6050861aa93f2d59f1d8d085595d6551c2c90b6f4fad8d3a9f1", size = 88069, upload-time = "2025-07-01T13:30:59.346Z" }
wheels = [
    { url = "https://files.pythonhosted.org/packages/ca/31/d4e37e9e550c2b92a9cbc2e4d0b7420a27224968580b5a447f420847c975/pytest_xdist-3.8.0-py3-none-any.whl", hash = "sha256:202ca578cfeb7370784a8c33d6d05bc6e13b4f25b5053c30a152269fd10f0b88", size = 46396, upload-time = "2025-07-01T13:30:56.632Z" },
]

[[package]]
name = "requests"
version = "2.32.4"
source = { registry = "https://pypi.org/simple" }
dependencies = [
    { name = "certifi" },
    { name = "charset-normalizer" },
    { name = "idna" },
    { name = "urllib3" },
]
sdist = { url = "https://files.pythonhosted.org/packages/e1/0a/929373653770d8a0d7ea76c37de6e41f11eb07559b103b1c02cafb3f7cf8/requests-2.32.4.tar.gz", hash = "sha256:27d0316682c8a29834d3264820024b62a36942083d52caf2f14c0591336d3422", size = 135258, upload-time = "2025-06-09T16:43:07.34Z" }
wheels = [
    { url = "https://files.pythonhosted.org/packages/7c/e4/56027c4a6b4ae70ca9de302488c5ca95ad4a39e190093d6c1a8ace08341b/requests-2.32.4-py3-none-any.whl", hash = "sha256:27babd3cda2a6d50b30443204ee89830707d396671944c998b5975b031ac2b2c", size = 64847, upload-time = "2025-06-09T16:43:05.728Z" },
]

[[package]]
name = "ruff"
version = "0.12.3"
source = { registry = "https://pypi.org/simple" }
sdist = { url = "https://files.pythonhosted.org/packages/c3/2a/43955b530c49684d3c38fcda18c43caf91e99204c2a065552528e0552d4f/ruff-0.12.3.tar.gz", hash = "sha256:f1b5a4b6668fd7b7ea3697d8d98857390b40c1320a63a178eee6be0899ea2d77", size = 4459341, upload-time = "2025-07-11T13:21:16.086Z" }
wheels = [
    { url = "https://files.pythonhosted.org/packages/e2/fd/b44c5115539de0d598d75232a1cc7201430b6891808df111b8b0506aae43/ruff-0.12.3-py3-none-linux_armv6l.whl", hash = "sha256:47552138f7206454eaf0c4fe827e546e9ddac62c2a3d2585ca54d29a890137a2", size = 10430499, upload-time = "2025-07-11T13:20:26.321Z" },
    { url = "https://files.pythonhosted.org/packages/43/c5/9eba4f337970d7f639a37077be067e4ec80a2ad359e4cc6c5b56805cbc66/ruff-0.12.3-py3-none-macosx_10_12_x86_64.whl", hash = "sha256:0a9153b000c6fe169bb307f5bd1b691221c4286c133407b8827c406a55282041", size = 11213413, upload-time = "2025-07-11T13:20:30.017Z" },
    { url = "https://files.pythonhosted.org/packages/e2/2c/fac3016236cf1fe0bdc8e5de4f24c76ce53c6dd9b5f350d902549b7719b2/ruff-0.12.3-py3-none-macosx_11_0_arm64.whl", hash = "sha256:fa6b24600cf3b750e48ddb6057e901dd5b9aa426e316addb2a1af185a7509882", size = 10586941, upload-time = "2025-07-11T13:20:33.046Z" },
    { url = "https://files.pythonhosted.org/packages/c5/0f/41fec224e9dfa49a139f0b402ad6f5d53696ba1800e0f77b279d55210ca9/ruff-0.12.3-py3-none-manylinux_2_17_aarch64.manylinux2014_aarch64.whl", hash = "sha256:e2506961bf6ead54887ba3562604d69cb430f59b42133d36976421bc8bd45901", size = 10783001, upload-time = "2025-07-11T13:20:35.534Z" },
    { url = "https://files.pythonhosted.org/packages/0d/ca/dd64a9ce56d9ed6cad109606ac014860b1c217c883e93bf61536400ba107/ruff-0.12.3-py3-none-manylinux_2_17_armv7l.manylinux2014_armv7l.whl", hash = "sha256:c4faaff1f90cea9d3033cbbcdf1acf5d7fb11d8180758feb31337391691f3df0", size = 10269641, upload-time = "2025-07-11T13:20:38.459Z" },
    { url = "https://files.pythonhosted.org/packages/63/5c/2be545034c6bd5ce5bb740ced3e7014d7916f4c445974be11d2a406d5088/ruff-0.12.3-py3-none-manylinux_2_17_i686.manylinux2014_i686.whl", hash = "sha256:40dced4a79d7c264389de1c59467d5d5cefd79e7e06d1dfa2c75497b5269a5a6", size = 11875059, upload-time = "2025-07-11T13:20:41.517Z" },
    { url = "https://files.pythonhosted.org/packages/8e/d4/a74ef1e801ceb5855e9527dae105eaff136afcb9cc4d2056d44feb0e4792/ruff-0.12.3-py3-none-manylinux_2_17_ppc64.manylinux2014_ppc64.whl", hash = "sha256:0262d50ba2767ed0fe212aa7e62112a1dcbfd46b858c5bf7bbd11f326998bafc", size = 12658890, upload-time = "2025-07-11T13:20:44.442Z" },
    { url = "https://files.pythonhosted.org/packages/13/c8/1057916416de02e6d7c9bcd550868a49b72df94e3cca0aeb77457dcd9644/ruff-0.12.3-py3-none-manylinux_2_17_ppc64le.manylinux2014_ppc64le.whl", hash = "sha256:12371aec33e1a3758597c5c631bae9a5286f3c963bdfb4d17acdd2d395406687", size = 12232008, upload-time = "2025-07-11T13:20:47.374Z" },
    { url = "https://files.pythonhosted.org/packages/f5/59/4f7c130cc25220392051fadfe15f63ed70001487eca21d1796db46cbcc04/ruff-0.12.3-py3-none-manylinux_2_17_s390x.manylinux2014_s390x.whl", hash = "sha256:560f13b6baa49785665276c963edc363f8ad4b4fc910a883e2625bdb14a83a9e", size = 11499096, upload-time = "2025-07-11T13:20:50.348Z" },
    { url = "https://files.pythonhosted.org/packages/d4/01/a0ad24a5d2ed6be03a312e30d32d4e3904bfdbc1cdbe63c47be9d0e82c79/ruff-0.12.3-py3-none-manylinux_2_17_x86_64.manylinux2014_x86_64.whl", hash = "sha256:023040a3499f6f974ae9091bcdd0385dd9e9eb4942f231c23c57708147b06311", size = 11688307, upload-time = "2025-07-11T13:20:52.945Z" },
    { url = "https://files.pythonhosted.org/packages/93/72/08f9e826085b1f57c9a0226e48acb27643ff19b61516a34c6cab9d6ff3fa/ruff-0.12.3-py3-none-musllinux_1_2_aarch64.whl", hash = "sha256:883d844967bffff5ab28bba1a4d246c1a1b2933f48cb9840f3fdc5111c603b07", size = 10661020, upload-time = "2025-07-11T13:20:55.799Z" },
    { url = "https://files.pythonhosted.org/packages/80/a0/68da1250d12893466c78e54b4a0ff381370a33d848804bb51279367fc688/ruff-0.12.3-py3-none-musllinux_1_2_armv7l.whl", hash = "sha256:2120d3aa855ff385e0e562fdee14d564c9675edbe41625c87eeab744a7830d12", size = 10246300, upload-time = "2025-07-11T13:20:58.222Z" },
    { url = "https://files.pythonhosted.org/packages/6a/22/5f0093d556403e04b6fd0984fc0fb32fbb6f6ce116828fd54306a946f444/ruff-0.12.3-py3-none-musllinux_1_2_i686.whl", hash = "sha256:6b16647cbb470eaf4750d27dddc6ebf7758b918887b56d39e9c22cce2049082b", size = 11263119, upload-time = "2025-07-11T13:21:01.503Z" },
    { url = "https://files.pythonhosted.org/packages/92/c9/f4c0b69bdaffb9968ba40dd5fa7df354ae0c73d01f988601d8fac0c639b1/ruff-0.12.3-py3-none-musllinux_1_2_x86_64.whl", hash = "sha256:e1417051edb436230023575b149e8ff843a324557fe0a265863b7602df86722f", size = 11746990, upload-time = "2025-07-11T13:21:04.524Z" },
    { url = "https://files.pythonhosted.org/packages/fe/84/7cc7bd73924ee6be4724be0db5414a4a2ed82d06b30827342315a1be9e9c/ruff-0.12.3-py3-none-win32.whl", hash = "sha256:dfd45e6e926deb6409d0616078a666ebce93e55e07f0fb0228d4b2608b2c248d", size = 10589263, upload-time = "2025-07-11T13:21:07.148Z" },
    { url = "https://files.pythonhosted.org/packages/07/87/c070f5f027bd81f3efee7d14cb4d84067ecf67a3a8efb43aadfc72aa79a6/ruff-0.12.3-py3-none-win_amd64.whl", hash = "sha256:a946cf1e7ba3209bdef039eb97647f1c77f6f540e5845ec9c114d3af8df873e7", size = 11695072, upload-time = "2025-07-11T13:21:11.004Z" },
    { url = "https://files.pythonhosted.org/packages/e0/30/f3eaf6563c637b6e66238ed6535f6775480db973c836336e4122161986fc/ruff-0.12.3-py3-none-win_arm64.whl", hash = "sha256:5f9c7c9c8f84c2d7f27e93674d27136fbf489720251544c4da7fb3d742e011b1", size = 10805855, upload-time = "2025-07-11T13:21:13.547Z" },
]

[[package]]
name = "sudachidict-core"
version = "20250515"
source = { registry = "https://pypi.org/simple" }
dependencies = [
    { name = "sudachipy" },
]
sdist = { url = "https://files.pythonhosted.org/packages/f7/84/647417933bff5de7d6fd9fd11a2d9005e68868b9ef6dd8c7ff32e7fcfc79/sudachidict_core-20250515.tar.gz", hash = "sha256:63be5499104f5cb5464c819739d9901bd886cb3c4b6ab59ae3f39e97a23f5603", size = 9050, upload-time = "2025-05-19T05:22:21.477Z" }
wheels = [
    { url = "https://files.pythonhosted.org/packages/39/df/83d0cf0d94e812519c8b556b6ad0b430d074e163eb917e161f90cce2d716/sudachidict_core-20250515-py3-none-any.whl", hash = "sha256:bcf0056eecfa360a92cea1251a04eeb19a5d16938559ecf52b67d4fbfa1c249f", size = 72127576, upload-time = "2025-05-19T05:23:51.081Z" },
]

[[package]]
name = "sudachipy"
version = "0.6.10"
source = { registry = "https://pypi.org/simple" }
sdist = { url = "https://files.pythonhosted.org/packages/86/eb/ceadfb1e9178332839a75b91393765b135ab870fad9230d47c201c931607/sudachipy-0.6.10.tar.gz", hash = "sha256:b8910a4610de98b2c3cb6dc3362fea93e3ba5059f1eb445a68baa9585278f31b", size = 71518686, upload-time = "2025-01-10T07:15:22.811Z" }
wheels = [
    { url = "https://files.pythonhosted.org/packages/f1/20/c58e1dde2b5413c68cc570f96e31c2ed1bc0b7b19b4eb67533dfaadbd94c/SudachiPy-0.6.10-cp313-cp313-macosx_10_13_universal2.whl", hash = "sha256:cc97b5d48f46f9989d97e105f7dd6419da2174888fcc42e55c0e4cd46597ed3b", size = 3040385, upload-time = "2025-01-10T07:14:58.575Z" },
    { url = "https://files.pythonhosted.org/packages/58/f4/3451dbe8fa54a7b23285512db018c622e10d649a94f134f9fc92292eb4a4/SudachiPy-0.6.10-cp313-cp313-manylinux_2_17_x86_64.manylinux2014_x86_64.whl", hash = "sha256:9794b73fffd8099d93e07882ba87eee5edbed0e4f1b94761db8f22c8e5da9904", size = 1730957, upload-time = "2025-01-10T07:15:01.296Z" },
    { url = "https://files.pythonhosted.org/packages/47/d3/e3cbab0b5d84df3c9d46e18fa07b84e2ab0b317daafb2bcd01610895106d/SudachiPy-0.6.10-cp313-cp313-win_amd64.whl", hash = "sha256:0fc5b60920a439c534688237e2651e15e4eaadc166a63182d6e24ac7ef3e4779", size = 1378958, upload-time = "2025-01-10T07:15:03.877Z" },
    { url = "https://files.pythonhosted.org/packages/9b/da/279d12cab13f2affa9edd0ad4d5631573f4de07a020ad89a4ad0195f1d7c/SudachiPy-0.6.10-cp313-cp313t-macosx_10_13_universal2.whl", hash = "sha256:7455e5cbb4c2cf9294c82345c9d46b344774b4eb23eca917f305ed716d8d5168", size = 3033253, upload-time = "2025-01-10T07:15:06.674Z" },
    { url = "https://files.pythonhosted.org/packages/66/ed/36eabf79eb81c38d477b77a5ab8fd62c8a4814a82c845f079f0c3b78ff18/SudachiPy-0.6.10-cp313-cp313t-manylinux_2_17_x86_64.manylinux2014_x86_64.whl", hash = "sha256:38d0de9e840ac8d199e714a40506792ea5237d0db0c966da16d51fbc74a508d6", size = 1730534, upload-time = "2025-01-10T07:15:09.348Z" },
]

[[package]]
name = "tinydb"
version = "4.8.2"
source = { registry = "https://pypi.org/simple" }
sdist = { url = "https://files.pythonhosted.org/packages/a0/79/4af51e2bb214b6ea58f857c51183d92beba85b23f7ba61c983ab3de56c33/tinydb-4.8.2.tar.gz", hash = "sha256:f7dfc39b8d7fda7a1ca62a8dbb449ffd340a117c1206b68c50b1a481fb95181d", size = 32566, upload-time = "2024-10-12T15:24:01.13Z" }
wheels = [
    { url = "https://files.pythonhosted.org/packages/78/17/853354204e1ca022d6b7d011ca7f3206c4f8faa3cc743e92609b49c1d83f/tinydb-4.8.2-py3-none-any.whl", hash = "sha256:f97030ee5cbc91eeadd1d7af07ab0e48ceb04aa63d4a983adbaca4cba16e86c3", size = 24888, upload-time = "2024-10-12T15:23:59.833Z" },
]

[[package]]
name = "ty"
version = "0.0.1a14"
source = { registry = "https://pypi.org/simple" }
sdist = { url = "https://files.pythonhosted.org/packages/b3/c2/743ef78f8ddcdd8a8e074b6ad6eb01fa5d8c110f5e25e0142087b175b212/ty-0.0.1a14.tar.gz", hash = "sha256:a9ecac10c63a7c193c78ef1a01956c7c579e4d8498d3ec77543fe31a5a9e3912", size = 3176178, upload-time = "2025-07-08T11:57:34.171Z" }
wheels = [
    { url = "https://files.pythonhosted.org/packages/66/10/4c29110e6571b00206962b219afa38e661001011bfc1b36bec4f74fdf51d/ty-0.0.1a14-py3-none-linux_armv6l.whl", hash = "sha256:165acd7a7c49d9cbd20b8fa72a7dab0ccceae935593618aba9218950fdbb0e08", size = 6969793, upload-time = "2025-07-08T11:57:07.349Z" },
    { url = "https://files.pythonhosted.org/packages/1b/bc/1d64ef953a53474725847a8bd3418e422218ed7024fe2bd9e3c9c2c859ce/ty-0.0.1a14-py3-none-macosx_10_12_x86_64.whl", hash = "sha256:54c357059f0c0d27f1efc544c0c9475f918d5cd579e7fa38365c5e2e4ef5868a", size = 7076030, upload-time = "2025-07-08T11:57:09.286Z" },
    { url = "https://files.pythonhosted.org/packages/de/b6/672bac4f24fab47def3c672a0a97d1eafbd6baef61b99ebefb805944c2a9/ty-0.0.1a14-py3-none-macosx_11_0_arm64.whl", hash = "sha256:c729efdddcfc7fe66df284a321cb2b8ea8c36f7e0a322176f0b5ffd3ca45db90", size = 6699358, upload-time = "2025-07-08T11:57:10.621Z" },
    { url = "https://files.pythonhosted.org/packages/99/1e/0a8d7a49c324584451309f96fc85f462e2b2052c216e82a2f689f9e477c0/ty-0.0.1a14-py3-none-manylinux_2_17_aarch64.manylinux2014_aarch64.whl", hash = "sha256:e593d549118e3794e11ab09e610520654a4c91a8c2ffaff8c31845067c2cf883", size = 6834240, upload-time = "2025-07-08T11:57:12.284Z" },
    { url = "https://files.pythonhosted.org/packages/5b/97/e57c49e7d5216af907ca83e4e4ede7471cef53284f90f8fe11f6051031d8/ty-0.0.1a14-py3-none-manylinux_2_17_armv7l.manylinux2014_armv7l.whl", hash = "sha256:679f715d9d4b5558231eafe6c4441a0a53c245a669ac2ba049c0996e538f7e88", size = 6810434, upload-time = "2025-07-08T11:57:13.643Z" },
    { url = "https://files.pythonhosted.org/packages/1b/0f/293680a83e7c86354b97a7e8cb08896338370eb169383c7b687aa3311f96/ty-0.0.1a14-py3-none-manylinux_2_17_i686.manylinux2014_i686.whl", hash = "sha256:541487c8b896c0094a32e91f96b2d6ee9bc3c1f1c0a9c5c781eef0002ca437a4", size = 7622086, upload-time = "2025-07-08T11:57:15.14Z" },
    { url = "https://files.pythonhosted.org/packages/2a/9c/f5d730903d65a0eb989d793a1d7e5a62f765841c45bef325403edf342810/ty-0.0.1a14-py3-none-manylinux_2_17_ppc64.manylinux2014_ppc64.whl", hash = "sha256:aa9ffb8a518762e78b0c6780475e89bfc8e040fb9832918b6bf79c5e8e96da92", size = 8073710, upload-time = "2025-07-08T11:57:16.512Z" },
    { url = "https://files.pythonhosted.org/packages/0e/09/f39d0f626df4841d39bdc8ae9052f91f65b45beff281bdf29a53efea79bf/ty-0.0.1a14-py3-none-manylinux_2_17_ppc64le.manylinux2014_ppc64le.whl", hash = "sha256:3bae3288461e3db28dd19f12d4f71d88f5be201283f6d8790d467cb87d9717bd", size = 7716213, upload-time = "2025-07-08T11:57:18.136Z" },
    { url = "https://files.pythonhosted.org/packages/68/5a/afdab1afec623ecede8108733228703bb4cb25fa8210ba16427fcd1c0429/ty-0.0.1a14-py3-none-manylinux_2_17_s390x.manylinux2014_s390x.whl", hash = "sha256:032ff6d43272c5a87ef2cf56773a4e44c370d98cdd129bc4b352d6c63c5348c7", size = 7559696, upload-time = "2025-07-08T11:57:19.816Z" },
    { url = "https://files.pythonhosted.org/packages/a7/26/e422f8ed5ca63b50bf87de5b4bc8fd15cb203a8d2690b2f447ccff0c74fb/ty-0.0.1a14-py3-none-manylinux_2_17_x86_64.manylinux2014_x86_64.whl", hash = "sha256:1cd7739be014ff5dee50b3a83252c7953cf278567079bde0e33c5203ff576d9b", size = 7375483, upload-time = "2025-07-08T11:57:21.525Z" },
    { url = "https://files.pythonhosted.org/packages/ea/f2/bb88da6ba64bfe5edff636738861a6b78050611da9540e372635e599ee4c/ty-0.0.1a14-py3-none-musllinux_1_2_aarch64.whl", hash = "sha256:5776cf7ea1000be79cd70d44fafe15b3695bac1a115806421402dfa79ba9953e", size = 6726122, upload-time = "2025-07-08T11:57:24.116Z" },
    { url = "https://files.pythonhosted.org/packages/93/96/62566786e9124b8f0f2fbced5e57046534e5835af83f9efb4a0c861f6a61/ty-0.0.1a14-py3-none-musllinux_1_2_armv7l.whl", hash = "sha256:10d62346a56a0d21c809ae885ca7513a1c54da8c94029664eeb68fbdd3effc02", size = 6839605, upload-time = "2025-07-08T11:57:25.705Z" },
    { url = "https://files.pythonhosted.org/packages/12/26/40b7e7388a5308cc53dd440cb24d1a95b3efd07c4a374fce9cd0fe777049/ty-0.0.1a14-py3-none-musllinux_1_2_i686.whl", hash = "sha256:7a5bb97658bf3fa054833bf3511499e1422a27dee7a3c10aff56d4daa3821d6d", size = 7268362, upload-time = "2025-07-08T11:57:27.012Z" },
    { url = "https://files.pythonhosted.org/packages/14/50/11f275d7cb413104dea1360a997ad373839ed0108980912605e59188afba/ty-0.0.1a14-py3-none-musllinux_1_2_x86_64.whl", hash = "sha256:a89c075ae1238d215de2343909952e872306791fbad96a8ffd119a83a3e0a914", size = 7435560, upload-time = "2025-07-08T11:57:28.673Z" },
    { url = "https://files.pythonhosted.org/packages/11/b6/468c98f9520515fd9a65ce5a51c9aa39f7f944cb8f320328839cef65d1f1/ty-0.0.1a14-py3-none-win32.whl", hash = "sha256:6c3e87f4549a1bf7524df074a4fe9a5815aff25e536c5fc6f1518b72e74a17cf", size = 6573723, upload-time = "2025-07-08T11:57:30.285Z" },
    { url = "https://files.pythonhosted.org/packages/1c/82/a771661d3d64e17688063dc5573e8eebc0683f581c843b840f5b03d108f7/ty-0.0.1a14-py3-none-win_amd64.whl", hash = "sha256:0ed6145dae24b68638037d7c82f094b22adfb48114678120cf392092973fad96", size = 7181298, upload-time = "2025-07-08T11:57:31.642Z" },
    { url = "https://files.pythonhosted.org/packages/9d/d0/68b106ddc25239d4a7114e64211aa5ad5d27488c1a318ab8ad057b88b4a7/ty-0.0.1a14-py3-none-win_arm64.whl", hash = "sha256:67717fbbb501c9deb11141662688804513082992aaeb5fdc6a3b7cd8e77eea8e", size = 6788031, upload-time = "2025-07-08T11:57:32.943Z" },
]

[[package]]
name = "urllib3"
version = "2.5.0"
source = { registry = "https://pypi.org/simple" }
sdist = { url = "https://files.pythonhosted.org/packages/15/22/9ee70a2574a4f4599c47dd506532914ce044817c7752a79b6a51286319bc/urllib3-2.5.0.tar.gz", hash = "sha256:3fc47733c7e419d4bc3f6b3dc2b4f890bb743906a30d56ba4a5bfa4bbff92760", size = 393185, upload-time = "2025-06-18T14:07:41.644Z" }
wheels = [
    { url = "https://files.pythonhosted.org/packages/a7/c2/fe1e52489ae3122415c51f387e221dd0773709bad6c6cdaa599e8a2c5185/urllib3-2.5.0-py3-none-any.whl", hash = "sha256:e6b01673c0fa6a13e374b50871808eb3bf7046c4b125b216f6bf1cc604cff0dc", size = 129795, upload-time = "2025-06-18T14:07:40.39Z" },
]

[[package]]
name = "warabi"
version = "0.1.0"
source = { editable = "." }
dependencies = [
    { name = "janome" },
    { name = "sudachidict-core" },
    { name = "sudachipy" },
    { name = "tinydb" },
]

[package.dev-dependencies]
dev = [
    { name = "pytest" },
    { name = "pytest-benchmark" },
    { name = "pytest-cov" },
    { name = "pytest-xdist" },
    { name = "requests" },
    { name = "ruff" },
    { name = "ty" },
]

[package.metadata]
requires-dist = [
    { name = "janome", specifier = ">=0.5.0" },
    { name = "sudachidict-core", specifier = ">=20250515" },
    { name = "sudachipy", specifier = ">=0.6.10" },
    { name = "tinydb", specifier = ">=4.8.2" },
]

[package.metadata.requires-dev]
dev = [
    { name = "pytest", specifier = ">=8.4.1" },
    { name = "pytest-benchmark", specifier = ">=5.1.0" },
    { name = "pytest-cov", specifier = ">=6.2.1" },
    { name = "pytest-xdist", specifier = ">=3.8.0" },
    { name = "requests", specifier = ">=2.32.4" },
    { name = "ruff", specifier = ">=0.12.3" },
    { name = "ty", specifier = ">=0.0.1a14" },
]
